
Microsoft Visual Studio Solution File, Format Version 12.00
# Visual Studio Version 16
VisualStudioVersion = 16.0.30204.135
MinimumVisualStudioVersion = 10.0.40219.1
Project("{FAE04EC0-301F-11D3-BF4B-00C04F79EFBC}") = "EmployeeManagement", "EmployeeManagement\EmployeeManagement.csproj", "{7C51C9BB-7393-48D9-9F95-B4767FE827DF}"
EndProject
Global
	GlobalSection(SolutionConfigurationPlatforms) = preSolution
		Debug|Any CPU = Debug|Any CPU
		Release|Any CPU = Release|Any CPU
	EndGlobalSection
	GlobalSection(ProjectConfigurationPlatforms) = postSolution
		{7C51C9BB-7393-48D9-9F95-B4767FE827DF}.Debug|Any CPU.ActiveCfg = Debug|Any CPU
		{7C51C9BB-7393-48D9-9F95-B4767FE827DF}.Debug|Any CPU.Build.0 = Debug|Any CPU
		{7C51C9BB-7393-48D9-9F95-B4767FE827DF}.Release|Any CPU.ActiveCfg = Release|Any CPU
		{7C51C9BB-7393-48D9-9F95-B4767FE827DF}.Release|Any CPU.Build.0 = Release|Any CPU
	EndGlobalSection
	GlobalSection(SolutionProperties) = preSolution
		HideSolutionNode = FALSE
	EndGlobalSection
	GlobalSection(ExtensibilityGlobals) = postSolution
		SolutionGuid = {CBC2824B-6E06-46D5-8804-DEBE68F90077}
	EndGlobalSection
EndGlobal
