
Microsoft Visual Studio Solution File, Format Version 12.00
# Visual Studio Version 16
VisualStudioVersion = 16.0.29920.165
MinimumVisualStudioVersion = 10.0.40219.1
Project("{FAE04EC0-301F-11D3-BF4B-00C04F79EFBC}") = "Bai4", "Bai4\Bai4.csproj", "{56A7B5DC-F876-4967-B60A-FC10692494B9}"
EndProject
Project("{FAE04EC0-301F-11D3-BF4B-00C04F79EFBC}") = "MenuDemo", "MenuDemo\MenuDemo.csproj", "{268B7121-7D01-417E-9093-7446FC4CF920}"
EndProject
Global
	GlobalSection(SolutionConfigurationPlatforms) = preSolution
		Debug|Any CPU = Debug|Any CPU
		Release|Any CPU = Release|Any CPU
	EndGlobalSection
	GlobalSection(ProjectConfigurationPlatforms) = postSolution
		{56A7B5DC-F876-4967-B60A-FC10692494B9}.Debug|Any CPU.ActiveCfg = Debug|Any CPU
		{56A7B5DC-F876-4967-B60A-FC10692494B9}.Debug|Any CPU.Build.0 = Debug|Any CPU
		{56A7B5DC-F876-4967-B60A-FC10692494B9}.Release|Any CPU.ActiveCfg = Release|Any CPU
		{56A7B5DC-F876-4967-B60A-FC10692494B9}.Release|Any CPU.Build.0 = Release|Any CPU
		{268B7121-7D01-417E-9093-7446FC4CF920}.Debug|Any CPU.ActiveCfg = Debug|Any CPU
		{268B7121-7D01-417E-9093-7446FC4CF920}.Debug|Any CPU.Build.0 = Debug|Any CPU
		{268B7121-7D01-417E-9093-7446FC4CF920}.Release|Any CPU.ActiveCfg = Release|Any CPU
		{268B7121-7D01-417E-9093-7446FC4CF920}.Release|Any CPU.Build.0 = Release|Any CPU
	EndGlobalSection
	GlobalSection(SolutionProperties) = preSolution
		HideSolutionNode = FALSE
	EndGlobalSection
	GlobalSection(ExtensibilityGlobals) = postSolution
		SolutionGuid = {5397A6CF-8B37-49B7-8971-830A97D1F072}
	EndGlobalSection
EndGlobal
